
Microsoft Visual Studio Solution File, Format Version 12.00
# Visual Studio Version 17
VisualStudioVersion = 17.12.35527.113 d17.12
MinimumVisualStudioVersion = 10.0.40219.1
Project("{FAE04EC0-301F-11D3-BF4B-00C04F79EFBC}") = "Interface4_Automatiseret_Test", "Interface4_Automatiseret_Test\Interface4_Automatiseret_Test.csproj", "{9EEEFCB8-E4A5-4FE2-9649-27A0F6A1A59A}"
EndProject
Project("{FAE04EC0-301F-11D3-BF4B-00C04F79EFBC}") = "AutomatiseretTest", "AutomatiseretTest\AutomatiseretTest.csproj", "{BBA22501-3E1B-4DD0-8559-DB166BB8AAA2}"
EndProject
Global
	GlobalSection(SolutionConfigurationPlatforms) = preSolution
		Debug|Any CPU = Debug|Any CPU
		Release|Any CPU = Release|Any CPU
	EndGlobalSection
	GlobalSection(ProjectConfigurationPlatforms) = postSolution
		{9EEEFCB8-E4A5-4FE2-9649-27A0F6A1A59A}.Debug|Any CPU.ActiveCfg = Debug|Any CPU
		{9EEEFCB8-E4A5-4FE2-9649-27A0F6A1A59A}.Debug|Any CPU.Build.0 = Debug|Any CPU
		{9EEEFCB8-E4A5-4FE2-9649-27A0F6A1A59A}.Release|Any CPU.ActiveCfg = Release|Any CPU
		{9EEEFCB8-E4A5-4FE2-9649-27A0F6A1A59A}.Release|Any CPU.Build.0 = Release|Any CPU
		{BBA22501-3E1B-4DD0-8559-DB166BB8AAA2}.Debug|Any CPU.ActiveCfg = Debug|Any CPU
		{BBA22501-3E1B-4DD0-8559-DB166BB8AAA2}.Debug|Any CPU.Build.0 = Debug|Any CPU
		{BBA22501-3E1B-4DD0-8559-DB166BB8AAA2}.Release|Any CPU.ActiveCfg = Release|Any CPU
		{BBA22501-3E1B-4DD0-8559-DB166BB8AAA2}.Release|Any CPU.Build.0 = Release|Any CPU
	EndGlobalSection
	GlobalSection(SolutionProperties) = preSolution
		HideSolutionNode = FALSE
	EndGlobalSection
EndGlobal
